
Microsoft Visual Studio Solution File, Format Version 12.00
# Visual Studio Version 17
VisualStudioVersion = 17.0.31815.197
MinimumVisualStudioVersion = 10.0.40219.1
Project("{8BC9CEB8-8B4A-11D0-8D11-00A0C91BC942}") = "vkvg", "..\port\graphics3d\vkvg\vkvg.vcxproj", "{F134E324-B566-42D3-B341-0BA7DB0D6234}"
EndProject
Project("{8BC9CEB8-8B4A-11D0-8D11-00A0C91BC942}") = "nanovg", "..\port\graphics3d\nanovg\nanovg.vcxproj", "{4C9209F1-66FB-4BDE-AB48-5473ADDB32F9}"
EndProject
Project("{8BC9CEB8-8B4A-11D0-8D11-00A0C91BC942}") = "freetype", "H:\Users\camilo\RedDotLogics\internal\port\graphics\freetype\freetype.vcxproj", "{78B079BD-9FC7-4B9E-B4A6-96DA0F00248B}"
EndProject
Project("{8BC9CEB8-8B4A-11D0-8D11-00A0C91BC942}") = "WinPixEventRuntime_lib", "..\port\graphics3d\PixEvents\WinPixEventRuntime_lib.vcxproj", "{C4E40123-4322-437C-9B90-BE44B56B75A1}"
EndProject
Project("{8BC9CEB8-8B4A-11D0-8D11-00A0C91BC942}") = "WinPixEventRuntime_desktop", "..\port\graphics3d\PixEvents\WinPixEventRuntime_desktop.vcxproj", "{468DC94E-5587-48E3-812E-2CB1816C71A1}"
EndProject
Project("{8BC9CEB8-8B4A-11D0-8D11-00A0C91BC942}") = "tinyktx", "..\port\graphics3d\tinyktx\tinyktx.vcxproj", "{D42EBA4C-4D85-4788-A446-63FA2A39EA83}"
EndProject
Global
	GlobalSection(SolutionConfigurationPlatforms) = preSolution
		cover|ARM = cover|ARM
		cover|Win32 = cover|Win32
		cover|x64 = cover|x64
		Debug|ARM = Debug|ARM
		Debug|Win32 = Debug|Win32
		Debug|x64 = Debug|x64
		Release|ARM = Release|ARM
		Release|Win32 = Release|Win32
		Release|x64 = Release|x64
		StaticDebug|ARM = StaticDebug|ARM
		StaticDebug|Win32 = StaticDebug|Win32
		StaticDebug|x64 = StaticDebug|x64
		StaticRelease|ARM = StaticRelease|ARM
		StaticRelease|Win32 = StaticRelease|Win32
		StaticRelease|x64 = StaticRelease|x64
	EndGlobalSection
	GlobalSection(ProjectConfigurationPlatforms) = postSolution
		{F134E324-B566-42D3-B341-0BA7DB0D6234}.cover|ARM.ActiveCfg = Debug|x64
		{F134E324-B566-42D3-B341-0BA7DB0D6234}.cover|ARM.Build.0 = Debug|x64
		{F134E324-B566-42D3-B341-0BA7DB0D6234}.cover|Win32.ActiveCfg = Debug|Win32
		{F134E324-B566-42D3-B341-0BA7DB0D6234}.cover|Win32.Build.0 = Debug|Win32
		{F134E324-B566-42D3-B341-0BA7DB0D6234}.cover|x64.ActiveCfg = Debug|x64
		{F134E324-B566-42D3-B341-0BA7DB0D6234}.cover|x64.Build.0 = Debug|x64
		{F134E324-B566-42D3-B341-0BA7DB0D6234}.Debug|ARM.ActiveCfg = Debug|x64
		{F134E324-B566-42D3-B341-0BA7DB0D6234}.Debug|ARM.Build.0 = Debug|x64
		{F134E324-B566-42D3-B341-0BA7DB0D6234}.Debug|Win32.ActiveCfg = Debug|Win32
		{F134E324-B566-42D3-B341-0BA7DB0D6234}.Debug|Win32.Build.0 = Debug|Win32
		{F134E324-B566-42D3-B341-0BA7DB0D6234}.Debug|x64.ActiveCfg = Debug|x64
		{F134E324-B566-42D3-B341-0BA7DB0D6234}.Debug|x64.Build.0 = Debug|x64
		{F134E324-B566-42D3-B341-0BA7DB0D6234}.Release|ARM.ActiveCfg = Release|x64
		{F134E324-B566-42D3-B341-0BA7DB0D6234}.Release|ARM.Build.0 = Release|x64
		{F134E324-B566-42D3-B341-0BA7DB0D6234}.Release|Win32.ActiveCfg = Release|Win32
		{F134E324-B566-42D3-B341-0BA7DB0D6234}.Release|Win32.Build.0 = Release|Win32
		{F134E324-B566-42D3-B341-0BA7DB0D6234}.Release|x64.ActiveCfg = Release|x64
		{F134E324-B566-42D3-B341-0BA7DB0D6234}.Release|x64.Build.0 = Release|x64
		{F134E324-B566-42D3-B341-0BA7DB0D6234}.StaticDebug|ARM.ActiveCfg = Release|x64
		{F134E324-B566-42D3-B341-0BA7DB0D6234}.StaticDebug|ARM.Build.0 = Release|x64
		{F134E324-B566-42D3-B341-0BA7DB0D6234}.StaticDebug|Win32.ActiveCfg = Release|Win32
		{F134E324-B566-42D3-B341-0BA7DB0D6234}.StaticDebug|Win32.Build.0 = Release|Win32
		{F134E324-B566-42D3-B341-0BA7DB0D6234}.StaticDebug|x64.ActiveCfg = Release|x64
		{F134E324-B566-42D3-B341-0BA7DB0D6234}.StaticDebug|x64.Build.0 = Release|x64
		{F134E324-B566-42D3-B341-0BA7DB0D6234}.StaticRelease|ARM.ActiveCfg = Release|x64
		{F134E324-B566-42D3-B341-0BA7DB0D6234}.StaticRelease|ARM.Build.0 = Release|x64
		{F134E324-B566-42D3-B341-0BA7DB0D6234}.StaticRelease|Win32.ActiveCfg = Release|Win32
		{F134E324-B566-42D3-B341-0BA7DB0D6234}.StaticRelease|Win32.Build.0 = Release|Win32
		{F134E324-B566-42D3-B341-0BA7DB0D6234}.StaticRelease|x64.ActiveCfg = Release|x64
		{F134E324-B566-42D3-B341-0BA7DB0D6234}.StaticRelease|x64.Build.0 = Release|x64
		{4C9209F1-66FB-4BDE-AB48-5473ADDB32F9}.cover|ARM.ActiveCfg = Debug|x64
		{4C9209F1-66FB-4BDE-AB48-5473ADDB32F9}.cover|ARM.Build.0 = Debug|x64
		{4C9209F1-66FB-4BDE-AB48-5473ADDB32F9}.cover|Win32.ActiveCfg = Debug|Win32
		{4C9209F1-66FB-4BDE-AB48-5473ADDB32F9}.cover|Win32.Build.0 = Debug|Win32
		{4C9209F1-66FB-4BDE-AB48-5473ADDB32F9}.cover|x64.ActiveCfg = Debug|x64
		{4C9209F1-66FB-4BDE-AB48-5473ADDB32F9}.cover|x64.Build.0 = Debug|x64
		{4C9209F1-66FB-4BDE-AB48-5473ADDB32F9}.Debug|ARM.ActiveCfg = Debug|x64
		{4C9209F1-66FB-4BDE-AB48-5473ADDB32F9}.Debug|ARM.Build.0 = Debug|x64
		{4C9209F1-66FB-4BDE-AB48-5473ADDB32F9}.Debug|Win32.ActiveCfg = Debug|Win32
		{4C9209F1-66FB-4BDE-AB48-5473ADDB32F9}.Debug|Win32.Build.0 = Debug|Win32
		{4C9209F1-66FB-4BDE-AB48-5473ADDB32F9}.Debug|x64.ActiveCfg = Debug|x64
		{4C9209F1-66FB-4BDE-AB48-5473ADDB32F9}.Debug|x64.Build.0 = Debug|x64
		{4C9209F1-66FB-4BDE-AB48-5473ADDB32F9}.Release|ARM.ActiveCfg = Release|x64
		{4C9209F1-66FB-4BDE-AB48-5473ADDB32F9}.Release|ARM.Build.0 = Release|x64
		{4C9209F1-66FB-4BDE-AB48-5473ADDB32F9}.Release|Win32.ActiveCfg = Release|Win32
		{4C9209F1-66FB-4BDE-AB48-5473ADDB32F9}.Release|Win32.Build.0 = Release|Win32
		{4C9209F1-66FB-4BDE-AB48-5473ADDB32F9}.Release|x64.ActiveCfg = Release|x64
		{4C9209F1-66FB-4BDE-AB48-5473ADDB32F9}.Release|x64.Build.0 = Release|x64
		{4C9209F1-66FB-4BDE-AB48-5473ADDB32F9}.StaticDebug|ARM.ActiveCfg = Release|x64
		{4C9209F1-66FB-4BDE-AB48-5473ADDB32F9}.StaticDebug|ARM.Build.0 = Release|x64
		{4C9209F1-66FB-4BDE-AB48-5473ADDB32F9}.StaticDebug|Win32.ActiveCfg = Release|Win32
		{4C9209F1-66FB-4BDE-AB48-5473ADDB32F9}.StaticDebug|Win32.Build.0 = Release|Win32
		{4C9209F1-66FB-4BDE-AB48-5473ADDB32F9}.StaticDebug|x64.ActiveCfg = Release|x64
		{4C9209F1-66FB-4BDE-AB48-5473ADDB32F9}.StaticDebug|x64.Build.0 = Release|x64
		{4C9209F1-66FB-4BDE-AB48-5473ADDB32F9}.StaticRelease|ARM.ActiveCfg = Release|x64
		{4C9209F1-66FB-4BDE-AB48-5473ADDB32F9}.StaticRelease|ARM.Build.0 = Release|x64
		{4C9209F1-66FB-4BDE-AB48-5473ADDB32F9}.StaticRelease|Win32.ActiveCfg = Release|Win32
		{4C9209F1-66FB-4BDE-AB48-5473ADDB32F9}.StaticRelease|Win32.Build.0 = Release|Win32
		{4C9209F1-66FB-4BDE-AB48-5473ADDB32F9}.StaticRelease|x64.ActiveCfg = Release|x64
		{4C9209F1-66FB-4BDE-AB48-5473ADDB32F9}.StaticRelease|x64.Build.0 = Release|x64
		{78B079BD-9FC7-4B9E-B4A6-96DA0F00248B}.cover|ARM.ActiveCfg = ASanStaticDebug|x64
		{78B079BD-9FC7-4B9E-B4A6-96DA0F00248B}.cover|ARM.Build.0 = ASanStaticDebug|x64
		{78B079BD-9FC7-4B9E-B4A6-96DA0F00248B}.cover|Win32.ActiveCfg = Debug|Win32
		{78B079BD-9FC7-4B9E-B4A6-96DA0F00248B}.cover|Win32.Build.0 = Debug|Win32
		{78B079BD-9FC7-4B9E-B4A6-96DA0F00248B}.cover|x64.ActiveCfg = ASanStaticDebug|x64
		{78B079BD-9FC7-4B9E-B4A6-96DA0F00248B}.cover|x64.Build.0 = ASanStaticDebug|x64
		{78B079BD-9FC7-4B9E-B4A6-96DA0F00248B}.Debug|ARM.ActiveCfg = Debug|x64
		{78B079BD-9FC7-4B9E-B4A6-96DA0F00248B}.Debug|ARM.Build.0 = Debug|x64
		{78B079BD-9FC7-4B9E-B4A6-96DA0F00248B}.Debug|Win32.ActiveCfg = Debug|Win32
		{78B079BD-9FC7-4B9E-B4A6-96DA0F00248B}.Debug|Win32.Build.0 = Debug|Win32
		{78B079BD-9FC7-4B9E-B4A6-96DA0F00248B}.Debug|x64.ActiveCfg = Debug|x64
		{78B079BD-9FC7-4B9E-B4A6-96DA0F00248B}.Debug|x64.Build.0 = Debug|x64
		{78B079BD-9FC7-4B9E-B4A6-96DA0F00248B}.Release|ARM.ActiveCfg = Release|x64
		{78B079BD-9FC7-4B9E-B4A6-96DA0F00248B}.Release|ARM.Build.0 = Release|x64
		{78B079BD-9FC7-4B9E-B4A6-96DA0F00248B}.Release|Win32.ActiveCfg = Release|Win32
		{78B079BD-9FC7-4B9E-B4A6-96DA0F00248B}.Release|Win32.Build.0 = Release|Win32
		{78B079BD-9FC7-4B9E-B4A6-96DA0F00248B}.Release|x64.ActiveCfg = Release|x64
		{78B079BD-9FC7-4B9E-B4A6-96DA0F00248B}.Release|x64.Build.0 = Release|x64
		{78B079BD-9FC7-4B9E-B4A6-96DA0F00248B}.StaticDebug|ARM.ActiveCfg = StaticDebug|x64
		{78B079BD-9FC7-4B9E-B4A6-96DA0F00248B}.StaticDebug|ARM.Build.0 = StaticDebug|x64
		{78B079BD-9FC7-4B9E-B4A6-96DA0F00248B}.StaticDebug|Win32.ActiveCfg = StaticDebug|Win32
		{78B079BD-9FC7-4B9E-B4A6-96DA0F00248B}.StaticDebug|Win32.Build.0 = StaticDebug|Win32
		{78B079BD-9FC7-4B9E-B4A6-96DA0F00248B}.StaticDebug|x64.ActiveCfg = StaticDebug|x64
		{78B079BD-9FC7-4B9E-B4A6-96DA0F00248B}.StaticDebug|x64.Build.0 = StaticDebug|x64
		{78B079BD-9FC7-4B9E-B4A6-96DA0F00248B}.StaticRelease|ARM.ActiveCfg = StaticRelease|x64
		{78B079BD-9FC7-4B9E-B4A6-96DA0F00248B}.StaticRelease|ARM.Build.0 = StaticRelease|x64
		{78B079BD-9FC7-4B9E-B4A6-96DA0F00248B}.StaticRelease|Win32.ActiveCfg = StaticRelease|Win32
		{78B079BD-9FC7-4B9E-B4A6-96DA0F00248B}.StaticRelease|Win32.Build.0 = StaticRelease|Win32
		{78B079BD-9FC7-4B9E-B4A6-96DA0F00248B}.StaticRelease|x64.ActiveCfg = StaticRelease|x64
		{78B079BD-9FC7-4B9E-B4A6-96DA0F00248B}.StaticRelease|x64.Build.0 = StaticRelease|x64
		{C4E40123-4322-437C-9B90-BE44B56B75A1}.cover|ARM.ActiveCfg = Debug|x64
		{C4E40123-4322-437C-9B90-BE44B56B75A1}.cover|ARM.Build.0 = Debug|x64
		{C4E40123-4322-437C-9B90-BE44B56B75A1}.cover|Win32.ActiveCfg = Debug|Win32
		{C4E40123-4322-437C-9B90-BE44B56B75A1}.cover|Win32.Build.0 = Debug|Win32
		{C4E40123-4322-437C-9B90-BE44B56B75A1}.cover|x64.ActiveCfg = Debug|x64
		{C4E40123-4322-437C-9B90-BE44B56B75A1}.cover|x64.Build.0 = Debug|x64
		{C4E40123-4322-437C-9B90-BE44B56B75A1}.Debug|ARM.ActiveCfg = Debug|x64
		{C4E40123-4322-437C-9B90-BE44B56B75A1}.Debug|ARM.Build.0 = Debug|x64
		{C4E40123-4322-437C-9B90-BE44B56B75A1}.Debug|Win32.ActiveCfg = Debug|Win32
		{C4E40123-4322-437C-9B90-BE44B56B75A1}.Debug|Win32.Build.0 = Debug|Win32
		{C4E40123-4322-437C-9B90-BE44B56B75A1}.Debug|x64.ActiveCfg = Debug|x64
		{C4E40123-4322-437C-9B90-BE44B56B75A1}.Debug|x64.Build.0 = Debug|x64
		{C4E40123-4322-437C-9B90-BE44B56B75A1}.Release|ARM.ActiveCfg = Release|x64
		{C4E40123-4322-437C-9B90-BE44B56B75A1}.Release|ARM.Build.0 = Release|x64
		{C4E40123-4322-437C-9B90-BE44B56B75A1}.Release|Win32.ActiveCfg = Release|Win32
		{C4E40123-4322-437C-9B90-BE44B56B75A1}.Release|Win32.Build.0 = Release|Win32
		{C4E40123-4322-437C-9B90-BE44B56B75A1}.Release|x64.ActiveCfg = Release|x64
		{C4E40123-4322-437C-9B90-BE44B56B75A1}.Release|x64.Build.0 = Release|x64
		{C4E40123-4322-437C-9B90-BE44B56B75A1}.StaticDebug|ARM.ActiveCfg = Release|x64
		{C4E40123-4322-437C-9B90-BE44B56B75A1}.StaticDebug|ARM.Build.0 = Release|x64
		{C4E40123-4322-437C-9B90-BE44B56B75A1}.StaticDebug|Win32.ActiveCfg = Release|Win32
		{C4E40123-4322-437C-9B90-BE44B56B75A1}.StaticDebug|Win32.Build.0 = Release|Win32
		{C4E40123-4322-437C-9B90-BE44B56B75A1}.StaticDebug|x64.ActiveCfg = Release|x64
		{C4E40123-4322-437C-9B90-BE44B56B75A1}.StaticDebug|x64.Build.0 = Release|x64
		{C4E40123-4322-437C-9B90-BE44B56B75A1}.StaticRelease|ARM.ActiveCfg = Release|x64
		{C4E40123-4322-437C-9B90-BE44B56B75A1}.StaticRelease|ARM.Build.0 = Release|x64
		{C4E40123-4322-437C-9B90-BE44B56B75A1}.StaticRelease|Win32.ActiveCfg = Release|Win32
		{C4E40123-4322-437C-9B90-BE44B56B75A1}.StaticRelease|Win32.Build.0 = Release|Win32
		{C4E40123-4322-437C-9B90-BE44B56B75A1}.StaticRelease|x64.ActiveCfg = Release|x64
		{C4E40123-4322-437C-9B90-BE44B56B75A1}.StaticRelease|x64.Build.0 = Release|x64
		{468DC94E-5587-48E3-812E-2CB1816C71A1}.cover|ARM.ActiveCfg = Debug|x64
		{468DC94E-5587-48E3-812E-2CB1816C71A1}.cover|ARM.Build.0 = Debug|x64
		{468DC94E-5587-48E3-812E-2CB1816C71A1}.cover|Win32.ActiveCfg = Debug|Win32
		{468DC94E-5587-48E3-812E-2CB1816C71A1}.cover|Win32.Build.0 = Debug|Win32
		{468DC94E-5587-48E3-812E-2CB1816C71A1}.cover|x64.ActiveCfg = Debug|x64
		{468DC94E-5587-48E3-812E-2CB1816C71A1}.cover|x64.Build.0 = Debug|x64
		{468DC94E-5587-48E3-812E-2CB1816C71A1}.Debug|ARM.ActiveCfg = Debug|x64
		{468DC94E-5587-48E3-812E-2CB1816C71A1}.Debug|ARM.Build.0 = Debug|x64
		{468DC94E-5587-48E3-812E-2CB1816C71A1}.Debug|Win32.ActiveCfg = Debug|Win32
		{468DC94E-5587-48E3-812E-2CB1816C71A1}.Debug|Win32.Build.0 = Debug|Win32
		{468DC94E-5587-48E3-812E-2CB1816C71A1}.Debug|x64.ActiveCfg = Debug|x64
		{468DC94E-5587-48E3-812E-2CB1816C71A1}.Debug|x64.Build.0 = Debug|x64
		{468DC94E-5587-48E3-812E-2CB1816C71A1}.Release|ARM.ActiveCfg = Release|x64
		{468DC94E-5587-48E3-812E-2CB1816C71A1}.Release|ARM.Build.0 = Release|x64
		{468DC94E-5587-48E3-812E-2CB1816C71A1}.Release|Win32.ActiveCfg = Release|Win32
		{468DC94E-5587-48E3-812E-2CB1816C71A1}.Release|Win32.Build.0 = Release|Win32
		{468DC94E-5587-48E3-812E-2CB1816C71A1}.Release|x64.ActiveCfg = Release|x64
		{468DC94E-5587-48E3-812E-2CB1816C71A1}.Release|x64.Build.0 = Release|x64
		{468DC94E-5587-48E3-812E-2CB1816C71A1}.StaticDebug|ARM.ActiveCfg = Release|x64
		{468DC94E-5587-48E3-812E-2CB1816C71A1}.StaticDebug|ARM.Build.0 = Release|x64
		{468DC94E-5587-48E3-812E-2CB1816C71A1}.StaticDebug|Win32.ActiveCfg = Release|Win32
		{468DC94E-5587-48E3-812E-2CB1816C71A1}.StaticDebug|Win32.Build.0 = Release|Win32
		{468DC94E-5587-48E3-812E-2CB1816C71A1}.StaticDebug|x64.ActiveCfg = Release|x64
		{468DC94E-5587-48E3-812E-2CB1816C71A1}.StaticDebug|x64.Build.0 = Release|x64
		{468DC94E-5587-48E3-812E-2CB1816C71A1}.StaticRelease|ARM.ActiveCfg = Release|x64
		{468DC94E-5587-48E3-812E-2CB1816C71A1}.StaticRelease|ARM.Build.0 = Release|x64
		{468DC94E-5587-48E3-812E-2CB1816C71A1}.StaticRelease|Win32.ActiveCfg = Release|Win32
		{468DC94E-5587-48E3-812E-2CB1816C71A1}.StaticRelease|Win32.Build.0 = Release|Win32
		{468DC94E-5587-48E3-812E-2CB1816C71A1}.StaticRelease|x64.ActiveCfg = Release|x64
		{468DC94E-5587-48E3-812E-2CB1816C71A1}.StaticRelease|x64.Build.0 = Release|x64
		{D42EBA4C-4D85-4788-A446-63FA2A39EA83}.cover|ARM.ActiveCfg = Debug|x64
		{D42EBA4C-4D85-4788-A446-63FA2A39EA83}.cover|ARM.Build.0 = Debug|x64
		{D42EBA4C-4D85-4788-A446-63FA2A39EA83}.cover|Win32.ActiveCfg = Debug|Win32
		{D42EBA4C-4D85-4788-A446-63FA2A39EA83}.cover|Win32.Build.0 = Debug|Win32
		{D42EBA4C-4D85-4788-A446-63FA2A39EA83}.cover|x64.ActiveCfg = Debug|x64
		{D42EBA4C-4D85-4788-A446-63FA2A39EA83}.cover|x64.Build.0 = Debug|x64
		{D42EBA4C-4D85-4788-A446-63FA2A39EA83}.Debug|ARM.ActiveCfg = Debug|x64
		{D42EBA4C-4D85-4788-A446-63FA2A39EA83}.Debug|ARM.Build.0 = Debug|x64
		{D42EBA4C-4D85-4788-A446-63FA2A39EA83}.Debug|Win32.ActiveCfg = Debug|Win32
		{D42EBA4C-4D85-4788-A446-63FA2A39EA83}.Debug|Win32.Build.0 = Debug|Win32
		{D42EBA4C-4D85-4788-A446-63FA2A39EA83}.Debug|x64.ActiveCfg = Debug|x64
		{D42EBA4C-4D85-4788-A446-63FA2A39EA83}.Debug|x64.Build.0 = Debug|x64
		{D42EBA4C-4D85-4788-A446-63FA2A39EA83}.Release|ARM.ActiveCfg = Release|x64
		{D42EBA4C-4D85-4788-A446-63FA2A39EA83}.Release|ARM.Build.0 = Release|x64
		{D42EBA4C-4D85-4788-A446-63FA2A39EA83}.Release|Win32.ActiveCfg = Release|Win32
		{D42EBA4C-4D85-4788-A446-63FA2A39EA83}.Release|Win32.Build.0 = Release|Win32
		{D42EBA4C-4D85-4788-A446-63FA2A39EA83}.Release|x64.ActiveCfg = Release|x64
		{D42EBA4C-4D85-4788-A446-63FA2A39EA83}.Release|x64.Build.0 = Release|x64
		{D42EBA4C-4D85-4788-A446-63FA2A39EA83}.StaticDebug|ARM.ActiveCfg = Release|x64
		{D42EBA4C-4D85-4788-A446-63FA2A39EA83}.StaticDebug|ARM.Build.0 = Release|x64
		{D42EBA4C-4D85-4788-A446-63FA2A39EA83}.StaticDebug|Win32.ActiveCfg = Release|Win32
		{D42EBA4C-4D85-4788-A446-63FA2A39EA83}.StaticDebug|Win32.Build.0 = Release|Win32
		{D42EBA4C-4D85-4788-A446-63FA2A39EA83}.StaticDebug|x64.ActiveCfg = Release|x64
		{D42EBA4C-4D85-4788-A446-63FA2A39EA83}.StaticDebug|x64.Build.0 = Release|x64
		{D42EBA4C-4D85-4788-A446-63FA2A39EA83}.StaticRelease|ARM.ActiveCfg = Release|x64
		{D42EBA4C-4D85-4788-A446-63FA2A39EA83}.StaticRelease|ARM.Build.0 = Release|x64
		{D42EBA4C-4D85-4788-A446-63FA2A39EA83}.StaticRelease|Win32.ActiveCfg = Release|Win32
		{D42EBA4C-4D85-4788-A446-63FA2A39EA83}.StaticRelease|Win32.Build.0 = Release|Win32
		{D42EBA4C-4D85-4788-A446-63FA2A39EA83}.StaticRelease|x64.ActiveCfg = Release|x64
		{D42EBA4C-4D85-4788-A446-63FA2A39EA83}.StaticRelease|x64.Build.0 = Release|x64
	EndGlobalSection
	GlobalSection(SolutionProperties) = preSolution
		HideSolutionNode = FALSE
	EndGlobalSection
	GlobalSection(ExtensibilityGlobals) = postSolution
		SolutionGuid = {CAA8B39C-BB0F-453E-BF9F-AA09AA4F25C7}
	EndGlobalSection
	GlobalSection(Performance) = preSolution
		HasPerformanceSessions = true
	EndGlobalSection
	GlobalSection(Performance) = preSolution
		HasPerformanceSessions = true
	EndGlobalSection
	GlobalSection(Performance) = preSolution
		HasPerformanceSessions = true
	EndGlobalSection
EndGlobal
